
Microsoft Visual Studio Solution File, Format Version 12.00
# Visual Studio Version 16
VisualStudioVersion = 16.0.31515.178
MinimumVisualStudioVersion = 10.0.40219.1
Project("{8BC9CEB8-8B4A-11D0-8D11-00A0C91BC942}") = "Data Conteiners", "Data Conteiners\Data Conteiners.vcxproj", "{7F028CB6-E572-4216-A892-79208D5D4100}"
EndProject
Project("{8BC9CEB8-8B4A-11D0-8D11-00A0C91BC942}") = "ForwardList", "ForwardList\ForwardList.vcxproj", "{446541AE-E294-4B06-8A8D-2EC74EB792EF}"
EndProject
Project("{8BC9CEB8-8B4A-11D0-8D11-00A0C91BC942}") = "List", "List\List.vcxproj", "{A2427AD8-CE03-4A89-B714-757521C0BB85}"
EndProject
Global
	GlobalSection(SolutionConfigurationPlatforms) = preSolution
		Debug|x64 = Debug|x64
		Debug|x86 = Debug|x86
		Release|x64 = Release|x64
		Release|x86 = Release|x86
	EndGlobalSection
	GlobalSection(ProjectConfigurationPlatforms) = postSolution
		{7F028CB6-E572-4216-A892-79208D5D4100}.Debug|x64.ActiveCfg = Debug|x64
		{7F028CB6-E572-4216-A892-79208D5D4100}.Debug|x64.Build.0 = Debug|x64
		{7F028CB6-E572-4216-A892-79208D5D4100}.Debug|x86.ActiveCfg = Debug|Win32
		{7F028CB6-E572-4216-A892-79208D5D4100}.Debug|x86.Build.0 = Debug|Win32
		{7F028CB6-E572-4216-A892-79208D5D4100}.Release|x64.ActiveCfg = Release|x64
		{7F028CB6-E572-4216-A892-79208D5D4100}.Release|x64.Build.0 = Release|x64
		{7F028CB6-E572-4216-A892-79208D5D4100}.Release|x86.ActiveCfg = Release|Win32
		{7F028CB6-E572-4216-A892-79208D5D4100}.Release|x86.Build.0 = Release|Win32
		{446541AE-E294-4B06-8A8D-2EC74EB792EF}.Debug|x64.ActiveCfg = Debug|x64
		{446541AE-E294-4B06-8A8D-2EC74EB792EF}.Debug|x64.Build.0 = Debug|x64
		{446541AE-E294-4B06-8A8D-2EC74EB792EF}.Debug|x86.ActiveCfg = Debug|Win32
		{446541AE-E294-4B06-8A8D-2EC74EB792EF}.Debug|x86.Build.0 = Debug|Win32
		{446541AE-E294-4B06-8A8D-2EC74EB792EF}.Release|x64.ActiveCfg = Release|x64
		{446541AE-E294-4B06-8A8D-2EC74EB792EF}.Release|x64.Build.0 = Release|x64
		{446541AE-E294-4B06-8A8D-2EC74EB792EF}.Release|x86.ActiveCfg = Release|Win32
		{446541AE-E294-4B06-8A8D-2EC74EB792EF}.Release|x86.Build.0 = Release|Win32
		{A2427AD8-CE03-4A89-B714-757521C0BB85}.Debug|x64.ActiveCfg = Debug|x64
		{A2427AD8-CE03-4A89-B714-757521C0BB85}.Debug|x64.Build.0 = Debug|x64
		{A2427AD8-CE03-4A89-B714-757521C0BB85}.Debug|x86.ActiveCfg = Debug|Win32
		{A2427AD8-CE03-4A89-B714-757521C0BB85}.Debug|x86.Build.0 = Debug|Win32
		{A2427AD8-CE03-4A89-B714-757521C0BB85}.Release|x64.ActiveCfg = Release|x64
		{A2427AD8-CE03-4A89-B714-757521C0BB85}.Release|x64.Build.0 = Release|x64
		{A2427AD8-CE03-4A89-B714-757521C0BB85}.Release|x86.ActiveCfg = Release|Win32
		{A2427AD8-CE03-4A89-B714-757521C0BB85}.Release|x86.Build.0 = Release|Win32
	EndGlobalSection
	GlobalSection(SolutionProperties) = preSolution
		HideSolutionNode = FALSE
	EndGlobalSection
	GlobalSection(ExtensibilityGlobals) = postSolution
		SolutionGuid = {9E541734-D075-43CB-8241-BF7F0E65E6AF}
	EndGlobalSection
EndGlobal
